
Microsoft Visual Studio Solution File, Format Version 12.00
# Visual Studio 2013
VisualStudioVersion = 12.0.21005.1
MinimumVisualStudioVersion = 10.0.40219.1
Project("{D2ABAB84-BF74-430A-B69E-9DC6D40DDA17}") = "DMT_COMPRAS_1", "DMT_COMPRAS_1\DMT_COMPRAS_1.dwproj", "{B5FCA125-0C42-4F2A-980D-851810C445D7}"
EndProject
Global
	GlobalSection(TeamFoundationVersionControl) = preSolution
		SccNumberOfProjects = 2
		SccEnterpriseProvider = {4CA58AB2-18FA-4F8D-95D4-32DDF27D184C}
		SccTeamFoundationServer = http://svrbiqa:444/defaultcollection
		SccLocalPath0 = .
		SccProjectUniqueName1 = DMT_COMPRAS_1\\DMT_COMPRAS_1.dwproj
		SccProjectName1 = DMT_COMPRAS_1
		SccLocalPath1 = DMT_COMPRAS_1
	EndGlobalSection
	GlobalSection(SolutionConfigurationPlatforms) = preSolution
		Development|Default = Development|Default
	EndGlobalSection
	GlobalSection(ProjectConfigurationPlatforms) = postSolution
		{B5FCA125-0C42-4F2A-980D-851810C445D7}.Development|Default.ActiveCfg = Development
		{B5FCA125-0C42-4F2A-980D-851810C445D7}.Development|Default.Build.0 = Development
		{B5FCA125-0C42-4F2A-980D-851810C445D7}.Development|Default.Deploy.0 = Development
	EndGlobalSection
	GlobalSection(SolutionProperties) = preSolution
		HideSolutionNode = FALSE
	EndGlobalSection
EndGlobal
