
Microsoft Visual Studio Solution File, Format Version 12.00
# Visual Studio 2013
VisualStudioVersion = 12.0.21005.1
MinimumVisualStudioVersion = 10.0.40219.1
Project("{159641D6-6404-4A2A-AE62-294DE0FE8301}") = "Dimensionamiento", "Fact Dimensionamiento\Dimensionamiento.dtproj", "{61EBE881-E0EF-4AD9-8324-6C72735F3EE5}"
EndProject
Global
	GlobalSection(TeamFoundationVersionControl) = preSolution
		SccNumberOfProjects = 2
		SccEnterpriseProvider = {4CA58AB2-18FA-4F8D-95D4-32DDF27D184C}
		SccTeamFoundationServer = http://svrbiqa:444/defaultcollection
		SccLocalPath0 = .
		SccProjectUniqueName1 = Fact\u0020Dimensionamiento\\Dimensionamiento.dtproj
		SccProjectName1 = Fact\u0020Dimensionamiento
		SccLocalPath1 = Fact\u0020Dimensionamiento
	EndGlobalSection
	GlobalSection(SolutionConfigurationPlatforms) = preSolution
		Development|Default = Development|Default
	EndGlobalSection
	GlobalSection(ProjectConfigurationPlatforms) = postSolution
		{61EBE881-E0EF-4AD9-8324-6C72735F3EE5}.Development|Default.ActiveCfg = Development
		{61EBE881-E0EF-4AD9-8324-6C72735F3EE5}.Development|Default.Build.0 = Development
	EndGlobalSection
	GlobalSection(SolutionProperties) = preSolution
		HideSolutionNode = FALSE
	EndGlobalSection
EndGlobal
